
Microsoft Visual Studio Solution File, Format Version 12.00
# Visual Studio Version 16
VisualStudioVersion = 16.0.30114.105
MinimumVisualStudioVersion = 10.0.40219.1
Project("{FAE04EC0-301F-11D3-BF4B-00C04F79EFBC}") = "ScanReduceReturn", "ScanReduceReturn\ScanReduceReturn.csproj", "{F5723AFE-852A-4FED-8152-206E73BD9D5D}"
EndProject
Global
	GlobalSection(SolutionConfigurationPlatforms) = preSolution
		Debug|Any CPU = Debug|Any CPU
		Release|Any CPU = Release|Any CPU
	EndGlobalSection
	GlobalSection(ProjectConfigurationPlatforms) = postSolution
		{F5723AFE-852A-4FED-8152-206E73BD9D5D}.Debug|Any CPU.ActiveCfg = Debug|Any CPU
		{F5723AFE-852A-4FED-8152-206E73BD9D5D}.Debug|Any CPU.Build.0 = Debug|Any CPU
		{F5723AFE-852A-4FED-8152-206E73BD9D5D}.Release|Any CPU.ActiveCfg = Release|Any CPU
		{F5723AFE-852A-4FED-8152-206E73BD9D5D}.Release|Any CPU.Build.0 = Release|Any CPU
	EndGlobalSection
	GlobalSection(SolutionProperties) = preSolution
		HideSolutionNode = FALSE
	EndGlobalSection
	GlobalSection(ExtensibilityGlobals) = postSolution
		SolutionGuid = {C0376D10-A870-483F-B959-31D2BD7C0C54}
	EndGlobalSection
EndGlobal
